# This file was autogenerated by Stack.
# You should not edit this file by hand.
# For more information, please see the documentation at:
#   https://docs.haskellstack.org/en/stable/lock_files

packages:
- completed:
    hackage: containers-0.6.4.1@sha256:e9ca297369c207ff40ed561877c15928292b957a01c8551a7cbd50d665a03429,2520
    pantry-tree:
      size: 2823
      sha256: cd4689c9caa5b9774b3ec4603c3b2c06eb04b184db590afa6d107441e25cc634
  original:
    hackage: containers-0.6.4.1@sha256:e9ca297369c207ff40ed561877c15928292b957a01c8551a7cbd50d665a03429,2520
- completed:
    hackage: directory-1.3.6.1@sha256:f2acb73dd32f696da0d8228258d37ab654b804f20117a75f25c76fd05fe2c2e5,2940
    pantry-tree:
      size: 3433
      sha256: dd293818286bc0e4b4f29d095f3a8ba91c9d01d846087d29b7150a72706ae96e
  original:
    hackage: directory-1.3.6.1@sha256:f2acb73dd32f696da0d8228258d37ab654b804f20117a75f25c76fd05fe2c2e5,2940
- completed:
    hackage: git-config-0.1.2@sha256:d55dd26f7803004f83c0f107eb38664ae11d8b59e72c0490d41e5aa07ec46b9e,2777
    pantry-tree:
      size: 398
      sha256: 6aaafb9fc859ad4df33a9979b564222624da40b37521819bd11ee323f38f539b
  original:
    hackage: git-config-0.1.2@sha256:d55dd26f7803004f83c0f107eb38664ae11d8b59e72c0490d41e5aa07ec46b9e,2777
- completed:
    hackage: optparse-applicative-0.16.1.0@sha256:d410cc76e288b93d4ee7e06addc0381a7eaea43bcee0c3ced03f05cadec2f2fc,4836
    pantry-tree:
      size: 2979
      sha256: bfff15197c553035578163cd3da352bcddcf0f11f57ae40ead22ef6dd120c40c
  original:
    hackage: optparse-applicative-0.16.1.0@sha256:d410cc76e288b93d4ee7e06addc0381a7eaea43bcee0c3ced03f05cadec2f2fc,4836
- completed:
    hackage: time-1.11.1.1@sha256:bdd516b0c30b12426053186c4c38d76b05c274f3a427e654cdc1ddd23a4d6f85,6230
    pantry-tree:
      size: 7048
      sha256: 04bf2b9908eb9edda29acb9af7637737c068aeb1a2e510e9a48444d55a7346a5
  original:
    hackage: time-1.11.1.1@sha256:bdd516b0c30b12426053186c4c38d76b05c274f3a427e654cdc1ddd23a4d6f85,6230
- completed:
    hackage: vector-0.12.2.0@sha256:6e81683c2c19b4aea58f1f453547cb03851b3cfd4031b8eb82abfa4643a13494,7953
    pantry-tree:
      size: 3841
      sha256: 666939d042ad8880bb66f4c00ebe71167354649ed4f1e4ddce99de355921c25e
  original:
    hackage: vector-0.12.2.0@sha256:6e81683c2c19b4aea58f1f453547cb03851b3cfd4031b8eb82abfa4643a13494,7953
- completed:
    hackage: binary-0.8.8.0@sha256:e9387a7ef2b34c6a23b09664c306e37cc01ae2cb4e4511a1c96ffb14008c24b0,6262
    pantry-tree:
      size: 1976
      sha256: 271cd1e75af293fc25a489d860f094dc635a4ed8b56aa5b343c58f4637736ca3
  original:
    hackage: binary-0.8.8.0@sha256:e9387a7ef2b34c6a23b09664c306e37cc01ae2cb4e4511a1c96ffb14008c24b0,6262
- completed:
    hackage: bytestring-0.10.12.1@sha256:98c6cebb508feea973fc5f8a00ac45a17383eff61ba31404a5344ba5504d1ee1,6088
    pantry-tree:
      size: 2140
      sha256: c77f3b89656905f680420f7f6f7b480b72428e13271856792d6305e58563e16b
  original:
    hackage: bytestring-0.10.12.1@sha256:98c6cebb508feea973fc5f8a00ac45a17383eff61ba31404a5344ba5504d1ee1,6088
- completed:
    hackage: parsec-3.1.14.0@sha256:2b7a30ad13b66ed4ae1c8b3b76f7b26f102f63fe4abc48663113686b0d68d2f7,4356
    pantry-tree:
      size: 2574
      sha256: 92087fa7a43fb2ddcb629b5ad468744bca44da0281137f696939e60f65053afa
  original:
    hackage: parsec-3.1.14.0@sha256:2b7a30ad13b66ed4ae1c8b3b76f7b26f102f63fe4abc48663113686b0d68d2f7,4356
- completed:
    hackage: process-1.6.11.0@sha256:472c51a8903b55b1b423e7e4050facd1dce5e323fd81e5953f02ca500bb9d58c,2819
    pantry-tree:
      size: 1283
      sha256: ff658d75f142515e99bd057382204452445b8e2c1e8003acfd6a30637f42293a
  original:
    hackage: process-1.6.11.0@sha256:472c51a8903b55b1b423e7e4050facd1dce5e323fd81e5953f02ca500bb9d58c,2819
- completed:
    hackage: text-1.2.4.1@sha256:e12b468008b3c2bbc1f39bd2dcb75ba8f563c65aa5e54ee223b76463a845b6f1,7184
    pantry-tree:
      size: 7720
      sha256: b1fd81329340a9c6eea4e78313d36c6a333a5de6032ec1536ff6c70a4300b46c
  original:
    hackage: text-1.2.4.1@sha256:e12b468008b3c2bbc1f39bd2dcb75ba8f563c65aa5e54ee223b76463a845b6f1,7184
- completed:
    hackage: megaparsec-8.0.0@sha256:362f85e243ecbcb550e1de6e5c74ba5a50c09edaa1208c99bc5b9fd242227fc6,3808
    pantry-tree:
      size: 1446
      sha256: 955117c00a86970f2d0c215f33cf5293b16589c04678a0a790c03368ab6fd0aa
  original:
    hackage: megaparsec-8.0.0@sha256:362f85e243ecbcb550e1de6e5c74ba5a50c09edaa1208c99bc5b9fd242227fc6,3808
snapshots:
- completed:
    size: 563103
    url: https://raw.githubusercontent.com/commercialhaskell/stackage-snapshots/master/lts/17/4.yaml
    sha256: f11e2153044f5f71ea7b1c9398f4721f517c9bd37642ed769647b896564021f3
  original: lts-17.4
